github.com/xrfang/hxdump v1.2.1 h1:Brlpg+kgDUeGj2cJreSIiTjjMKYV5E8LoebDVFJajcM=
github.com/xrfang/hxdump v1.2.1/go.mod h1:JTePQbkOrMeFWDIhy9CBaKnY2H7n6hxNu+5tzCWRTHo=
github.com/xrfang/logging v1.0.0 h1:uFwTkubdAlw16MF1SdU1yTh2EmQCdtz9fDUsgb3aeEE=
github.com/xrfang/logging v1.0.0/go.mod h1:wO5f1GJkxB6ssN0b+5rTND6Y8WV6XhICf5cjCvtJ2w0=
